<?xml version="1.0" encoding="utf-8"?>
<Project ToolsVersion="4.0" xmlns="http://schemas.microsoft.com/developer/msbuild/2003">
  <ItemGroup>
    <Filter Include="Source Files">
      <UniqueIdentifier>{4FC737F1-C7A5-4376-A066-2A32D752A2FF}</UniqueIdentifier>
      <Extensions>cpp;c;cc;cxx;c++;cppm;ixx;def;odl;idl;hpj;bat;asm;asmx</Extensions>
    </Filter>
    <Filter Include="Header Files">
      <UniqueIdentifier>{93995380-89BD-4b04-88EB-625FBE52EBFB}</UniqueIdentifier>
      <Extensions>h;hh;hpp;hxx;h++;hm;inl;inc;ipp;xsd</Extensions>
    </Filter>
    <Filter Include="Resource Files">
      <UniqueIdentifier>{67DA6AB6-F800-4c08-8B7A-83BB121AAD01}</UniqueIdentifier>
      <Extensions>rc;ico;cur;bmp;dlg;rc2;rct;bin;rgs;gif;jpg;jpeg;jpe;resx;tiff;tif;png;wav;mfcribbon-ms</Extensions>
    </Filter>
    <Filter Include="Header Files\native">
      <UniqueIdentifier>{993b1efb-0ca7-4274-abce-44a9f20b2b18}</UniqueIdentifier>
    </Filter>
    <Filter Include="Source Files\system">
      <UniqueIdentifier>{31a93f94-21a0-4cad-993d-6827319b8ed2}</UniqueIdentifier>
    </Filter>
    <Filter Include="Header Files\system">
      <UniqueIdentifier>{17e63277-845d-44f1-93ed-7bdc60a27b9e}</UniqueIdentifier>
    </Filter>
    <Filter Include="Source Files\simulator">
      <UniqueIdentifier>{b571de77-cf4f-463f-a030-459c718c690c}</UniqueIdentifier>
    </Filter>
    <Filter Include="Header Files\simulator">
      <UniqueIdentifier>{7ed86079-3621-4228-be78-54ff26071f17}</UniqueIdentifier>
    </Filter>
    <Filter Include="Schema">
      <UniqueIdentifier>{413c231f-de60-4d16-a847-6be02d205ffb}</UniqueIdentifier>
    </Filter>
  </ItemGroup>
  <ItemGroup>
    <ClInclude Include="framework.h">
      <Filter>Header Files</Filter>
    </ClInclude>
    <ClInclude Include="pch.h">
      <Filter>Header Files</Filter>
    </ClInclude>
    <ClInclude Include="stable.h">
      <Filter>Header Files</Filter>
    </ClInclude>
    <ClInclude Include="unstable.h">
      <Filter>Header Files</Filter>
    </ClInclude>
    <ClInclude Include="org_bv_com_vsam_jni_VSAMJNI.h">
      <Filter>Header Files</Filter>
    </ClInclude>
    <ClInclude Include="vsamdb.h">
      <Filter>Header Files</Filter>
    </ClInclude>
    <ClInclude Include="BvVsam.h">
      <Filter>Header Files</Filter>
    </ClInclude>
    <ClInclude Include="native\Connection.h">
      <Filter>Header Files\native</Filter>
    </ClInclude>
    <ClInclude Include="system\Element.h">
      <Filter>Header Files\system</Filter>
    </ClInclude>
    <ClInclude Include="system\WorkUnit.h">
      <Filter>Header Files\system</Filter>
    </ClInclude>
    <ClInclude Include="system\ThreadSafeStack.h">
      <Filter>Header Files\system</Filter>
    </ClInclude>
    <ClInclude Include="system\List.h">
      <Filter>Header Files\system</Filter>
    </ClInclude>
    <ClInclude Include="system\ElementContainer.h">
      <Filter>Header Files\system</Filter>
    </ClInclude>
    <ClInclude Include="system\HandleArray.h">
      <Filter>Header Files\system</Filter>
    </ClInclude>
    <ClInclude Include="system\LockObject.h">
      <Filter>Header Files\system</Filter>
    </ClInclude>
    <ClInclude Include="system\Lock.h">
      <Filter>Header Files\system</Filter>
    </ClInclude>
    <ClInclude Include="system\Method.h">
      <Filter>Header Files\system</Filter>
    </ClInclude>
    <ClInclude Include="system\ReturnCode.h">
      <Filter>Header Files\system</Filter>
    </ClInclude>
    <ClInclude Include="system\Semaphore.h">
      <Filter>Header Files\system</Filter>
    </ClInclude>
    <ClInclude Include="system\SecurityException.h">
      <Filter>Header Files\system</Filter>
    </ClInclude>
    <ClInclude Include="system\HandleException.h">
      <Filter>Header Files\system</Filter>
    </ClInclude>
    <ClInclude Include="system\AsynchResult.h">
      <Filter>Header Files\system</Filter>
    </ClInclude>
    <ClInclude Include="system\Pooled.h">
      <Filter>Header Files\system</Filter>
    </ClInclude>
    <ClInclude Include="system\Pool.h">
      <Filter>Header Files\system</Filter>
    </ClInclude>
    <ClInclude Include="system\StopWatch.h">
      <Filter>Header Files\system</Filter>
    </ClInclude>
    <ClInclude Include="system\TimeAccumulator.h">
      <Filter>Header Files\system</Filter>
    </ClInclude>
    <ClInclude Include="simulator\CreateCluster.h">
      <Filter>Header Files\simulator</Filter>
    </ClInclude>
    <ClInclude Include="configuration\Parms.h">
      <Filter>Header Files</Filter>
    </ClInclude>
  </ItemGroup>
  <ItemGroup>
    <ClCompile Include="dllmain.cpp">
      <Filter>Source Files</Filter>
    </ClCompile>
    <ClCompile Include="pch.cpp">
      <Filter>Source Files</Filter>
    </ClCompile>
    <ClCompile Include="BvVsam.cpp">
      <Filter>Source Files</Filter>
    </ClCompile>
    <ClCompile Include="org_bv_com_vsam_jni_VSAMJNI.cpp">
      <Filter>Source Files</Filter>
    </ClCompile>
    <ClCompile Include="system\ElementContainer.cpp">
      <Filter>Source Files\system</Filter>
    </ClCompile>
    <ClCompile Include="system\HandleArray.cpp">
      <Filter>Source Files\system</Filter>
    </ClCompile>
    <ClCompile Include="system\LockObject.cpp">
      <Filter>Source Files\system</Filter>
    </ClCompile>
    <ClCompile Include="system\Lock.cpp">
      <Filter>Source Files\system</Filter>
    </ClCompile>
    <ClCompile Include="system\HandleException.cpp">
      <Filter>Source Files\system</Filter>
    </ClCompile>
    <ClCompile Include="system\SecurityException.cpp">
      <Filter>Source Files\system</Filter>
    </ClCompile>
    <ClCompile Include="system\Semaphore.cpp">
      <Filter>Source Files\system</Filter>
    </ClCompile>
    <ClCompile Include="system\AsynchResult.cpp">
      <Filter>Source Files\system</Filter>
    </ClCompile>
    <ClCompile Include="system\Pooled.cpp">
      <Filter>Source Files\system</Filter>
    </ClCompile>
    <ClCompile Include="system\WorkUnit.cpp">
      <Filter>Source Files\system</Filter>
    </ClCompile>
    <ClCompile Include="system\Pool.cpp">
      <Filter>Source Files\system</Filter>
    </ClCompile>
    <ClCompile Include="vsamdb.cpp">
      <Filter>Source Files</Filter>
    </ClCompile>
  </ItemGroup>
  <ItemGroup>
    <Text Include="x64\Debug\BVNative.vcxproj.FileListAbsolute.txt" />
  </ItemGroup>
  <ItemGroup>
    <None Include="..\..\schema\VSAMParms.schema.json">
      <Filter>Schema</Filter>
    </None>
  </ItemGroup>
</Project>